
Microsoft Visual Studio Solution File, Format Version 12.00
# Visual Studio Version 16
VisualStudioVersion = 16.0.29102.190
MinimumVisualStudioVersion = 10.0.40219.1
Project("{FAE04EC0-301F-11D3-BF4B-00C04F79EFBC}") = "WebApplication5", "WebApplication5\WebApplication5.csproj", "{86E3EE23-1DE6-4D42-84F7-8A7E6AC15501}"
EndProject
Global
	GlobalSection(SolutionConfigurationPlatforms) = preSolution
		Debug|Any CPU = Debug|Any CPU
		Release|Any CPU = Release|Any CPU
	EndGlobalSection
	GlobalSection(ProjectConfigurationPlatforms) = postSolution
		{86E3EE23-1DE6-4D42-84F7-8A7E6AC15501}.Debug|Any CPU.ActiveCfg = Debug|Any CPU
		{86E3EE23-1DE6-4D42-84F7-8A7E6AC15501}.Debug|Any CPU.Build.0 = Debug|Any CPU
		{86E3EE23-1DE6-4D42-84F7-8A7E6AC15501}.Release|Any CPU.ActiveCfg = Release|Any CPU
		{86E3EE23-1DE6-4D42-84F7-8A7E6AC15501}.Release|Any CPU.Build.0 = Release|Any CPU
	EndGlobalSection
	GlobalSection(SolutionProperties) = preSolution
		HideSolutionNode = FALSE
	EndGlobalSection
	GlobalSection(ExtensibilityGlobals) = postSolution
		SolutionGuid = {7174B182-4E1D-42EB-BE9F-A27F389ED10B}
	EndGlobalSection
EndGlobal
